# This file is autogenerated, do not edit; changes may be undone by the next 'dep ensure'.


[[projects]]
  name = "github.com/dgrijalva/jwt-go"
  packages = ["."]
  revision = "06ea1031745cb8b3dab3f6a236daf2b0aa468b7e"
  version = "v3.2.0"

[[projects]]
  name = "github.com/go-chi/chi"
  packages = [
    ".",
    "middleware"
  ]
  revision = "1a6bb108ccf279c8dac6f9bad857d773b4f9b421"
  version = "v4.0.1"

[[projects]]
  name = "github.com/go-chi/cors"
  packages = ["."]
  revision = "dba6525398619dead495962a916728e7ee2ca322"
  version = "v1.0.0"

[[projects]]
  name = "github.com/go-chi/jwtauth"
  packages = ["."]
  revision = "47840abb19b36dcf4d3ab4123b605b28ea511bc8"
  version = "v4.0.2"

[[projects]]
  name = "github.com/go-stack/stack"
  packages = ["."]
  revision = "2fee6af1a9795aafbe0253a0cfbdf668e1fb8a9a"
  version = "v1.8.0"

[[projects]]
  branch = "master"
  name = "github.com/golang/snappy"
  packages = ["."]
  revision = "2e65f85255dbc3072edf28d6b5b8efc472979f5a"

[[projects]]
  name = "github.com/joho/godotenv"
  packages = ["."]
  revision = "23d116af351c84513e1946b527c88823e476be13"
  version = "v1.3.0"

[[projects]]
  name = "github.com/mongodb/mongo-go-driver"
  packages = [
    "bson",
    "bson/bsoncodec",
    "bson/bsonrw",
    "bson/bsontype",
    "bson/primitive",
    "event",
    "internal",
    "mongo",
    "mongo/options",
    "mongo/readconcern",
    "mongo/readpref",
    "mongo/writeconcern",
    "tag",
    "version",
    "x/bsonx",
    "x/bsonx/bsoncore",
    "x/mongo/driver",
    "x/mongo/driver/auth",
    "x/mongo/driver/auth/internal/gssapi",
    "x/mongo/driver/session",
    "x/mongo/driver/topology",
    "x/mongo/driver/uuid",
    "x/network/address",
    "x/network/command",
    "x/network/compressor",
    "x/network/connection",
    "x/network/connstring",
    "x/network/description",
    "x/network/result",
    "x/network/wiremessage"
  ]
  revision = "3cfdc9ffcf780eede57d27ec26a3edad4c9ab6a9"
  version = "v0.2.0"

[[projects]]
  name = "github.com/sendgrid/rest"
  packages = ["."]
  revision = "306b9bef57dc36f3435ccfcc08fe6ae2c6920344"
  version = "v2.4.1"

[[projects]]
  name = "github.com/sendgrid/sendgrid-go"
  packages = [
    ".",
    "helpers/mail"
  ]
  revision = "8caf17aa96b4a98bae8bd216878dd50ff12897b5"
  version = "v3.4.1"

[[projects]]
  branch = "master"
  name = "github.com/xdg/scram"
  packages = ["."]
  revision = "7eeb5667e42c09cb51bf7b7c28aea8c56767da90"

[[projects]]
  branch = "master"
  name = "github.com/xdg/stringprep"
  packages = ["."]
  revision = "73f8eece6fdcd902c185bf651de50f3828bed5ed"

[[projects]]
  branch = "master"
  name = "golang.org/x/crypto"
  packages = ["pbkdf2"]
  revision = "c7b33c32a30bae9ba07d37eb4d86f1f8b0f644fb"

[[projects]]
  branch = "master"
  name = "golang.org/x/sync"
  packages = ["semaphore"]
  revision = "37e7f081c4d4c64e13b10787722085407fe5d15f"

[[projects]]
  name = "golang.org/x/text"
  packages = [
    "internal/gen",
    "internal/triegen",
    "internal/ucd",
    "transform",
    "unicode/cldr",
    "unicode/norm"
  ]
  revision = "f21a4dfb5e38f5895301dc265a8def02365cc3d0"
  version = "v0.3.0"

[solve-meta]
  analyzer-name = "dep"
  analyzer-version = 1
  inputs-digest = "53f309668cdd28881f7f6646e6f339a0995a5f00fcd2a6427c0c915da1ebb8e3"
  solver-name = "gps-cdcl"
  solver-version = 1
